
Microsoft Visual Studio Solution File, Format Version 12.00
# Visual Studio Version 16
VisualStudioVersion = 16.0.30717.126
MinimumVisualStudioVersion = 10.0.40219.1
Project("{FAE04EC0-301F-11D3-BF4B-00C04F79EFBC}") = "VehicleMonitoringGateway", "VehicleMonitoringGateway\VehicleMonitoringGateway.csproj", "{F5E652A6-BC76-48D0-8571-C58ED7C35ABA}"
EndProject
Global
	GlobalSection(SolutionConfigurationPlatforms) = preSolution
		Debug|Any CPU = Debug|Any CPU
		Release|Any CPU = Release|Any CPU
	EndGlobalSection
	GlobalSection(ProjectConfigurationPlatforms) = postSolution
		{F5E652A6-BC76-48D0-8571-C58ED7C35ABA}.Debug|Any CPU.ActiveCfg = Debug|Any CPU
		{F5E652A6-BC76-48D0-8571-C58ED7C35ABA}.Debug|Any CPU.Build.0 = Debug|Any CPU
		{F5E652A6-BC76-48D0-8571-C58ED7C35ABA}.Release|Any CPU.ActiveCfg = Release|Any CPU
		{F5E652A6-BC76-48D0-8571-C58ED7C35ABA}.Release|Any CPU.Build.0 = Release|Any CPU
	EndGlobalSection
	GlobalSection(SolutionProperties) = preSolution
		HideSolutionNode = FALSE
	EndGlobalSection
	GlobalSection(ExtensibilityGlobals) = postSolution
		SolutionGuid = {13774AA1-BDD7-4BDA-A28D-31B6900DD74E}
	EndGlobalSection
EndGlobal
