
Microsoft Visual Studio Solution File, Format Version 12.00
# Visual Studio Version 16
VisualStudioVersion = 16.0.30717.126
MinimumVisualStudioVersion = 10.0.40219.1
Project("{FAE04EC0-301F-11D3-BF4B-00C04F79EFBC}") = "MonitoringGateway", "MonitoringGateway\MonitoringGateway.csproj", "{14EEC9AC-C780-44B2-82E7-54DB24A43A60}"
EndProject
Global
	GlobalSection(SolutionConfigurationPlatforms) = preSolution
		Debug|Any CPU = Debug|Any CPU
		Release|Any CPU = Release|Any CPU
	EndGlobalSection
	GlobalSection(ProjectConfigurationPlatforms) = postSolution
		{14EEC9AC-C780-44B2-82E7-54DB24A43A60}.Debug|Any CPU.ActiveCfg = Debug|Any CPU
		{14EEC9AC-C780-44B2-82E7-54DB24A43A60}.Debug|Any CPU.Build.0 = Debug|Any CPU
		{14EEC9AC-C780-44B2-82E7-54DB24A43A60}.Release|Any CPU.ActiveCfg = Release|Any CPU
		{14EEC9AC-C780-44B2-82E7-54DB24A43A60}.Release|Any CPU.Build.0 = Release|Any CPU
	EndGlobalSection
	GlobalSection(SolutionProperties) = preSolution
		HideSolutionNode = FALSE
	EndGlobalSection
	GlobalSection(ExtensibilityGlobals) = postSolution
		SolutionGuid = {35EED315-DFAE-4E67-A4A5-3882E8961830}
	EndGlobalSection
EndGlobal
