
Microsoft Visual Studio Solution File, Format Version 12.00
# Visual Studio Version 16
VisualStudioVersion = 16.0.30717.126
MinimumVisualStudioVersion = 10.0.40219.1
Project("{FAE04EC0-301F-11D3-BF4B-00C04F79EFBC}") = "VehicleGateway", "VehicleGateway\VehicleGateway.csproj", "{AF45F64B-7061-423C-A5F3-DC72D8677C0F}"
EndProject
Global
	GlobalSection(SolutionConfigurationPlatforms) = preSolution
		Debug|Any CPU = Debug|Any CPU
		Release|Any CPU = Release|Any CPU
	EndGlobalSection
	GlobalSection(ProjectConfigurationPlatforms) = postSolution
		{AF45F64B-7061-423C-A5F3-DC72D8677C0F}.Debug|Any CPU.ActiveCfg = Debug|Any CPU
		{AF45F64B-7061-423C-A5F3-DC72D8677C0F}.Debug|Any CPU.Build.0 = Debug|Any CPU
		{AF45F64B-7061-423C-A5F3-DC72D8677C0F}.Release|Any CPU.ActiveCfg = Release|Any CPU
		{AF45F64B-7061-423C-A5F3-DC72D8677C0F}.Release|Any CPU.Build.0 = Release|Any CPU
	EndGlobalSection
	GlobalSection(SolutionProperties) = preSolution
		HideSolutionNode = FALSE
	EndGlobalSection
	GlobalSection(ExtensibilityGlobals) = postSolution
		SolutionGuid = {DEC3FBFF-71F4-415F-AB32-0CBE9BEA2AB3}
	EndGlobalSection
EndGlobal
